
Microsoft Visual Studio Solution File, Format Version 12.00
# Visual Studio Version 17
VisualStudioVersion = 17.13.35919.96 d17.13
MinimumVisualStudioVersion = 10.0.40219.1
Project("{FAE04EC0-301F-11D3-BF4B-00C04F79EFBC}") = "TriPlan", "TriPlan\TriPlan\TriPlan.csproj", "{8209E282-908D-48A7-B0AD-FD836E12AD31}"
EndProject
Project("{FAE04EC0-301F-11D3-BF4B-00C04F79EFBC}") = "TriPlan.Client", "TriPlan\TriPlan.Client\TriPlan.Client.csproj", "{BE6A2363-5D1A-4FC3-BE4C-428CE74D9C87}"
EndProject
Project("{FAE04EC0-301F-11D3-BF4B-00C04F79EFBC}") = "TriPlan.Domain", "TriPlan.Domain\TriPlan.Domain.csproj", "{2A17D2CA-CB04-4DAE-AA63-E5792749B4CD}"
EndProject
Project("{FAE04EC0-301F-11D3-BF4B-00C04F79EFBC}") = "TriPlan.Infrastructure", "TriPlan.Infrastructure\TriPlan.Infrastructure.csproj", "{57988A00-6215-4908-8827-742B35949E76}"
EndProject
Project("{FAE04EC0-301F-11D3-BF4B-00C04F79EFBC}") = "TriPlan.Shared", "TriPlan.Shared\TriPlan.Shared.csproj", "{25489401-8887-408C-A2F3-A3236970922B}"
EndProject
Project("{FAE04EC0-301F-11D3-BF4B-00C04F79EFBC}") = "TriPlan.Application", "TriPlan.Application\TriPlan.Application.csproj", "{951C4430-B02C-4EA2-AB7E-E9E85D2B8698}"
EndProject
Global
	GlobalSection(SolutionConfigurationPlatforms) = preSolution
		Debug|Any CPU = Debug|Any CPU
		Release|Any CPU = Release|Any CPU
	EndGlobalSection
	GlobalSection(ProjectConfigurationPlatforms) = postSolution
		{8209E282-908D-48A7-B0AD-FD836E12AD31}.Debug|Any CPU.ActiveCfg = Debug|Any CPU
		{8209E282-908D-48A7-B0AD-FD836E12AD31}.Debug|Any CPU.Build.0 = Debug|Any CPU
		{8209E282-908D-48A7-B0AD-FD836E12AD31}.Release|Any CPU.ActiveCfg = Release|Any CPU
		{8209E282-908D-48A7-B0AD-FD836E12AD31}.Release|Any CPU.Build.0 = Release|Any CPU
		{BE6A2363-5D1A-4FC3-BE4C-428CE74D9C87}.Debug|Any CPU.ActiveCfg = Debug|Any CPU
		{BE6A2363-5D1A-4FC3-BE4C-428CE74D9C87}.Debug|Any CPU.Build.0 = Debug|Any CPU
		{BE6A2363-5D1A-4FC3-BE4C-428CE74D9C87}.Release|Any CPU.ActiveCfg = Release|Any CPU
		{BE6A2363-5D1A-4FC3-BE4C-428CE74D9C87}.Release|Any CPU.Build.0 = Release|Any CPU
		{2A17D2CA-CB04-4DAE-AA63-E5792749B4CD}.Debug|Any CPU.ActiveCfg = Debug|Any CPU
		{2A17D2CA-CB04-4DAE-AA63-E5792749B4CD}.Debug|Any CPU.Build.0 = Debug|Any CPU
		{2A17D2CA-CB04-4DAE-AA63-E5792749B4CD}.Release|Any CPU.ActiveCfg = Release|Any CPU
		{2A17D2CA-CB04-4DAE-AA63-E5792749B4CD}.Release|Any CPU.Build.0 = Release|Any CPU
		{57988A00-6215-4908-8827-742B35949E76}.Debug|Any CPU.ActiveCfg = Debug|Any CPU
		{57988A00-6215-4908-8827-742B35949E76}.Debug|Any CPU.Build.0 = Debug|Any CPU
		{57988A00-6215-4908-8827-742B35949E76}.Release|Any CPU.ActiveCfg = Release|Any CPU
		{57988A00-6215-4908-8827-742B35949E76}.Release|Any CPU.Build.0 = Release|Any CPU
		{25489401-8887-408C-A2F3-A3236970922B}.Debug|Any CPU.ActiveCfg = Debug|Any CPU
		{25489401-8887-408C-A2F3-A3236970922B}.Debug|Any CPU.Build.0 = Debug|Any CPU
		{25489401-8887-408C-A2F3-A3236970922B}.Release|Any CPU.ActiveCfg = Release|Any CPU
		{25489401-8887-408C-A2F3-A3236970922B}.Release|Any CPU.Build.0 = Release|Any CPU
		{951C4430-B02C-4EA2-AB7E-E9E85D2B8698}.Debug|Any CPU.ActiveCfg = Debug|Any CPU
		{951C4430-B02C-4EA2-AB7E-E9E85D2B8698}.Debug|Any CPU.Build.0 = Debug|Any CPU
		{951C4430-B02C-4EA2-AB7E-E9E85D2B8698}.Release|Any CPU.ActiveCfg = Release|Any CPU
		{951C4430-B02C-4EA2-AB7E-E9E85D2B8698}.Release|Any CPU.Build.0 = Release|Any CPU
	EndGlobalSection
	GlobalSection(SolutionProperties) = preSolution
		HideSolutionNode = FALSE
	EndGlobalSection
	GlobalSection(ExtensibilityGlobals) = postSolution
		SolutionGuid = {D873DA50-EF14-47DC-B5E8-386A00C85BF4}
	EndGlobalSection
EndGlobal
